
Microsoft Visual Studio Solution File, Format Version 11.00
# Visual Studio 2010
Project("{FAE04EC0-301F-11D3-BF4B-00C04F79EFBC}") = "CSV Xtreme Viewer", "CSV Xtreme Viewer\CSV Xtreme Viewer.csproj", "{9558D4AE-DD58-434F-8FAD-AD689409EF76}"
EndProject
Project("{FAE04EC0-301F-11D3-BF4B-00C04F79EFBC}") = "TestFilters", "TestFilters\TestFilters.csproj", "{A7C241BA-B5F5-4330-908A-1CACEE57990D}"
EndProject
Project("{2150E333-8FDC-42A3-9474-1A3956D46DE8}") = "Solution Items", "Solution Items", "{07ACC968-9E17-40D6-9C67-019586B69921}"
	ProjectSection(SolutionItems) = preProject
		CSV Xtreme Viewer.vsmdi = CSV Xtreme Viewer.vsmdi
		Local.testsettings = Local.testsettings
		TraceAndTestImpact.testsettings = TraceAndTestImpact.testsettings
	EndProjectSection
EndProject
Global
	GlobalSection(TestCaseManagementSettings) = postSolution
		CategoryFile = CSV Xtreme Viewer.vsmdi
	EndGlobalSection
	GlobalSection(SolutionConfigurationPlatforms) = preSolution
		Debug|Any CPU = Debug|Any CPU
		Debug|Mixed Platforms = Debug|Mixed Platforms
		Debug|x86 = Debug|x86
		Release|Any CPU = Release|Any CPU
		Release|Mixed Platforms = Release|Mixed Platforms
		Release|x86 = Release|x86
	EndGlobalSection
	GlobalSection(ProjectConfigurationPlatforms) = postSolution
		{9558D4AE-DD58-434F-8FAD-AD689409EF76}.Debug|Any CPU.ActiveCfg = Debug|x86
		{9558D4AE-DD58-434F-8FAD-AD689409EF76}.Debug|Mixed Platforms.ActiveCfg = Debug|x86
		{9558D4AE-DD58-434F-8FAD-AD689409EF76}.Debug|Mixed Platforms.Build.0 = Debug|x86
		{9558D4AE-DD58-434F-8FAD-AD689409EF76}.Debug|x86.ActiveCfg = Debug|x86
		{9558D4AE-DD58-434F-8FAD-AD689409EF76}.Debug|x86.Build.0 = Debug|x86
		{9558D4AE-DD58-434F-8FAD-AD689409EF76}.Release|Any CPU.ActiveCfg = Release|x86
		{9558D4AE-DD58-434F-8FAD-AD689409EF76}.Release|Mixed Platforms.ActiveCfg = Release|x86
		{9558D4AE-DD58-434F-8FAD-AD689409EF76}.Release|Mixed Platforms.Build.0 = Release|x86
		{9558D4AE-DD58-434F-8FAD-AD689409EF76}.Release|x86.ActiveCfg = Release|x86
		{9558D4AE-DD58-434F-8FAD-AD689409EF76}.Release|x86.Build.0 = Release|x86
		{A7C241BA-B5F5-4330-908A-1CACEE57990D}.Debug|Any CPU.ActiveCfg = Debug|Any CPU
		{A7C241BA-B5F5-4330-908A-1CACEE57990D}.Debug|Any CPU.Build.0 = Debug|Any CPU
		{A7C241BA-B5F5-4330-908A-1CACEE57990D}.Debug|Mixed Platforms.ActiveCfg = Debug|Any CPU
		{A7C241BA-B5F5-4330-908A-1CACEE57990D}.Debug|Mixed Platforms.Build.0 = Debug|Any CPU
		{A7C241BA-B5F5-4330-908A-1CACEE57990D}.Debug|x86.ActiveCfg = Debug|Any CPU
		{A7C241BA-B5F5-4330-908A-1CACEE57990D}.Release|Any CPU.ActiveCfg = Release|Any CPU
		{A7C241BA-B5F5-4330-908A-1CACEE57990D}.Release|Any CPU.Build.0 = Release|Any CPU
		{A7C241BA-B5F5-4330-908A-1CACEE57990D}.Release|Mixed Platforms.ActiveCfg = Release|Any CPU
		{A7C241BA-B5F5-4330-908A-1CACEE57990D}.Release|Mixed Platforms.Build.0 = Release|Any CPU
		{A7C241BA-B5F5-4330-908A-1CACEE57990D}.Release|x86.ActiveCfg = Release|Any CPU
	EndGlobalSection
	GlobalSection(SolutionProperties) = preSolution
		HideSolutionNode = FALSE
	EndGlobalSection
EndGlobal
